
Microsoft Visual Studio Solution File, Format Version 12.00
# Visual Studio Version 17
VisualStudioVersion = 17.6.33723.286
MinimumVisualStudioVersion = 10.0.40219.1
Project("{9A19103F-16F7-4668-BE54-9A1E7A4F7556}") = "SelectionSort.Tests", "SelectionSort.Tests\SelectionSort.Tests.csproj", "{838F5A9D-A182-4135-96B1-E01B32B8A03C}"
EndProject
Project("{9A19103F-16F7-4668-BE54-9A1E7A4F7556}") = "SelectionSort.Library", "SelectionSort.Library\SelectionSort.Library.csproj", "{31603787-7139-4385-B923-678F64139EAA}"
EndProject
Project("{9A19103F-16F7-4668-BE54-9A1E7A4F7556}") = "SelectionSort.UI", "SelectionSort.UI\SelectionSort.UI.csproj", "{27C1C849-34C2-4B28-AD73-F8039E3C671A}"
EndProject
Global
	GlobalSection(SolutionConfigurationPlatforms) = preSolution
		Debug|Any CPU = Debug|Any CPU
		Release|Any CPU = Release|Any CPU
	EndGlobalSection
	GlobalSection(ProjectConfigurationPlatforms) = postSolution
		{838F5A9D-A182-4135-96B1-E01B32B8A03C}.Debug|Any CPU.ActiveCfg = Debug|Any CPU
		{838F5A9D-A182-4135-96B1-E01B32B8A03C}.Debug|Any CPU.Build.0 = Debug|Any CPU
		{838F5A9D-A182-4135-96B1-E01B32B8A03C}.Release|Any CPU.ActiveCfg = Release|Any CPU
		{838F5A9D-A182-4135-96B1-E01B32B8A03C}.Release|Any CPU.Build.0 = Release|Any CPU
		{31603787-7139-4385-B923-678F64139EAA}.Debug|Any CPU.ActiveCfg = Debug|Any CPU
		{31603787-7139-4385-B923-678F64139EAA}.Debug|Any CPU.Build.0 = Debug|Any CPU
		{31603787-7139-4385-B923-678F64139EAA}.Release|Any CPU.ActiveCfg = Release|Any CPU
		{31603787-7139-4385-B923-678F64139EAA}.Release|Any CPU.Build.0 = Release|Any CPU
		{27C1C849-34C2-4B28-AD73-F8039E3C671A}.Debug|Any CPU.ActiveCfg = Debug|Any CPU
		{27C1C849-34C2-4B28-AD73-F8039E3C671A}.Debug|Any CPU.Build.0 = Debug|Any CPU
		{27C1C849-34C2-4B28-AD73-F8039E3C671A}.Release|Any CPU.ActiveCfg = Release|Any CPU
		{27C1C849-34C2-4B28-AD73-F8039E3C671A}.Release|Any CPU.Build.0 = Release|Any CPU
	EndGlobalSection
	GlobalSection(SolutionProperties) = preSolution
		HideSolutionNode = FALSE
	EndGlobalSection
	GlobalSection(ExtensibilityGlobals) = postSolution
		SolutionGuid = {F42DA6D3-CBA3-4A72-9F9B-5FE8FF352D63}
	EndGlobalSection
EndGlobal
